
Microsoft Visual Studio Solution File, Format Version 12.00
# Visual Studio Version 16
VisualStudioVersion = 16.0.31515.178
MinimumVisualStudioVersion = 10.0.40219.1
Project("{FAE04EC0-301F-11D3-BF4B-00C04F79EFBC}") = "ThirdConsolePrj", "ThirdConsolePrj\ThirdConsolePrj.csproj", "{D0AD624A-5B06-4D26-9FF7-BF2C97605133}"
EndProject
Project("{FAE04EC0-301F-11D3-BF4B-00C04F79EFBC}") = "TestingProtectedAccess", "TestingProtectedAccess\TestingProtectedAccess.csproj", "{849D3B5D-99A3-4917-899C-8011CAA6ACD4}"
EndProject
Global
	GlobalSection(SolutionConfigurationPlatforms) = preSolution
		Debug|Any CPU = Debug|Any CPU
		Release|Any CPU = Release|Any CPU
	EndGlobalSection
	GlobalSection(ProjectConfigurationPlatforms) = postSolution
		{D0AD624A-5B06-4D26-9FF7-BF2C97605133}.Debug|Any CPU.ActiveCfg = Debug|Any CPU
		{D0AD624A-5B06-4D26-9FF7-BF2C97605133}.Debug|Any CPU.Build.0 = Debug|Any CPU
		{D0AD624A-5B06-4D26-9FF7-BF2C97605133}.Release|Any CPU.ActiveCfg = Release|Any CPU
		{D0AD624A-5B06-4D26-9FF7-BF2C97605133}.Release|Any CPU.Build.0 = Release|Any CPU
		{849D3B5D-99A3-4917-899C-8011CAA6ACD4}.Debug|Any CPU.ActiveCfg = Debug|Any CPU
		{849D3B5D-99A3-4917-899C-8011CAA6ACD4}.Debug|Any CPU.Build.0 = Debug|Any CPU
		{849D3B5D-99A3-4917-899C-8011CAA6ACD4}.Release|Any CPU.ActiveCfg = Release|Any CPU
		{849D3B5D-99A3-4917-899C-8011CAA6ACD4}.Release|Any CPU.Build.0 = Release|Any CPU
	EndGlobalSection
	GlobalSection(SolutionProperties) = preSolution
		HideSolutionNode = FALSE
	EndGlobalSection
	GlobalSection(ExtensibilityGlobals) = postSolution
		SolutionGuid = {8EC05FF2-9D6B-44BE-A287-72185E09D744}
	EndGlobalSection
EndGlobal
